// !$*UTF8*$!
{
	archiveVersion = 1;
	classes = {
	};
	objectVersion = 55;
	objects = {

/* Begin PBXBuildFile section */
		9E2D018F291EE85500B17883 /* JSONData+CoreDataClass.swift in Sources */ = {isa = PBXBuildFile; fileRef = 9E2D018D291EE85500B17883 /* JSONData+CoreDataClass.swift */; };
		9E2D0190291EE85500B17883 /* JSONData+CoreDataProperties.swift in Sources */ = {isa = PBXBuildFile; fileRef = 9E2D018E291EE85500B17883 /* JSONData+CoreDataProperties.swift */; };
		9E2D0193291EEABA00B17883 /* DataCollection.swift in Sources */ = {isa = PBXBuildFile; fileRef = 9E2D0192291EEABA00B17883 /* DataCollection.swift */; };
		9E2D0195291EEC4500B17883 /* DataCollectionVM.swift in Sources */ = {isa = PBXBuildFile; fileRef = 9E2D0194291EEC4500B17883 /* DataCollectionVM.swift */; };
		9E474354291ADA1400D6A4B1 /* StatsCalculations.swift in Sources */ = {isa = PBXBuildFile; fileRef = 9E474353291ADA1400D6A4B1 /* StatsCalculations.swift */; };
		9E509E5C2906E693009FF2F5 /* NoteRow.swift in Sources */ = {isa = PBXBuildFile; fileRef = 9E509E5B2906E693009FF2F5 /* NoteRow.swift */; };
		9E6176A428E4C98300750F9E /* AddReedViewModel.swift in Sources */ = {isa = PBXBuildFile; fileRef = 9E6176A328E4C98300750F9E /* AddReedViewModel.swift */; };
		9E6176AA28E637B300750F9E /* NoteListViewModel.swift in Sources */ = {isa = PBXBuildFile; fileRef = 9E6176A928E637B300750F9E /* NoteListViewModel.swift */; };
		9E6176AE28E762C300750F9E /* StatsView.swift in Sources */ = {isa = PBXBuildFile; fileRef = 9E6176AD28E762C300750F9E /* StatsView.swift */; };
		9E6176B028E762D200750F9E /* SettingsView.swift in Sources */ = {isa = PBXBuildFile; fileRef = 9E6176AF28E762D200750F9E /* SettingsView.swift */; };
		9E6176B828E775B800750F9E /* Reed+CoreDataClass.swift in Sources */ = {isa = PBXBuildFile; fileRef = 9E6176B628E775B800750F9E /* Reed+CoreDataClass.swift */; };
		9E6176B928E775B800750F9E /* Reed+CoreDataProperties.swift in Sources */ = {isa = PBXBuildFile; fileRef = 9E6176B728E775B800750F9E /* Reed+CoreDataProperties.swift */; };
		9E6176BB28E778DE00750F9E /* CaneDiagram.swift in Sources */ = {isa = PBXBuildFile; fileRef = 9E6176BA28E778DE00750F9E /* CaneDiagram.swift */; };
		9E6176BE28E8F7C700750F9E /* HelperExtentions.swift in Sources */ = {isa = PBXBuildFile; fileRef = 9E6176BD28E8F7C700750F9E /* HelperExtentions.swift */; };
		9E6176C128E909E300750F9E /* AddReedBoxViewModel.swift in Sources */ = {isa = PBXBuildFile; fileRef = 9E6176C028E909E300750F9E /* AddReedBoxViewModel.swift */; };
		9E6176C428E92B6900750F9E /* ReedBox+CoreDataClass.swift in Sources */ = {isa = PBXBuildFile; fileRef = 9E6176C228E92B6900750F9E /* ReedBox+CoreDataClass.swift */; };
		9E6176C528E92B6900750F9E /* ReedBox+CoreDataProperties.swift in Sources */ = {isa = PBXBuildFile; fileRef = 9E6176C328E92B6900750F9E /* ReedBox+CoreDataProperties.swift */; };
		9E71D80328EA155E008C160A /* ReedDetailGroup.swift in Sources */ = {isa = PBXBuildFile; fileRef = 9E71D80228EA155E008C160A /* ReedDetailGroup.swift */; };
		9E71D80528EA1614008C160A /* ReedDetailQuestionaire.swift in Sources */ = {isa = PBXBuildFile; fileRef = 9E71D80428EA1614008C160A /* ReedDetailQuestionaire.swift */; };
		9E71D80928EDE329008C160A /* Note+CoreDataClass.swift in Sources */ = {isa = PBXBuildFile; fileRef = 9E71D80728EDE329008C160A /* Note+CoreDataClass.swift */; };
		9E71D80A28EDE329008C160A /* Note+CoreDataProperties.swift in Sources */ = {isa = PBXBuildFile; fileRef = 9E71D80828EDE329008C160A /* Note+CoreDataProperties.swift */; };
		9E71D80D28EDE766008C160A /* EditReedViewModel.swift in Sources */ = {isa = PBXBuildFile; fileRef = 9E71D80C28EDE766008C160A /* EditReedViewModel.swift */; };
		9E71D80F28EDEB06008C160A /* EditReed.swift in Sources */ = {isa = PBXBuildFile; fileRef = 9E71D80E28EDEB06008C160A /* EditReed.swift */; };
		9E71D81128EDEB65008C160A /* EditReedQuestionaire.swift in Sources */ = {isa = PBXBuildFile; fileRef = 9E71D81028EDEB65008C160A /* EditReedQuestionaire.swift */; };
		9E71D81328EDEBB8008C160A /* EditReedGroup.swift in Sources */ = {isa = PBXBuildFile; fileRef = 9E71D81228EDEBB8008C160A /* EditReedGroup.swift */; };
		9E87612E28D0D406009C8255 /* Senior_ProjectApp.swift in Sources */ = {isa = PBXBuildFile; fileRef = 9E87612D28D0D406009C8255 /* Senior_ProjectApp.swift */; };
		9E87613028D0D406009C8255 /* MainView.swift in Sources */ = {isa = PBXBuildFile; fileRef = 9E87612F28D0D406009C8255 /* MainView.swift */; };
		9E87613228D0D407009C8255 /* Assets.xcassets in Resources */ = {isa = PBXBuildFile; fileRef = 9E87613128D0D407009C8255 /* Assets.xcassets */; };
		9E87613528D0D407009C8255 /* Preview Assets.xcassets in Resources */ = {isa = PBXBuildFile; fileRef = 9E87613428D0D407009C8255 /* Preview Assets.xcassets */; };
		9E87613D28D0D43B009C8255 /* ReedModel.xcdatamodeld in Sources */ = {isa = PBXBuildFile; fileRef = 9E87613B28D0D43B009C8255 /* ReedModel.xcdatamodeld */; };
		9E87614228D0D4BD009C8255 /* DataController.swift in Sources */ = {isa = PBXBuildFile; fileRef = 9E87614128D0D4BD009C8255 /* DataController.swift */; };
		9E87614A28D14B83009C8255 /* ReedRow.swift in Sources */ = {isa = PBXBuildFile; fileRef = 9E87614928D14B83009C8255 /* ReedRow.swift */; };
		9E87614F28D14D58009C8255 /* AddReed.swift in Sources */ = {isa = PBXBuildFile; fileRef = 9E87614E28D14D58009C8255 /* AddReed.swift */; };
		9E87615128D25ADA009C8255 /* ReedDetail.swift in Sources */ = {isa = PBXBuildFile; fileRef = 9E87615028D25ADA009C8255 /* ReedDetail.swift */; };
		9E87615428D2655F009C8255 /* ReedBoxPreview.swift in Sources */ = {isa = PBXBuildFile; fileRef = 9E87615328D2655F009C8255 /* ReedBoxPreview.swift */; };
		9E87615728D265E9009C8255 /* ReedBoxName.swift in Sources */ = {isa = PBXBuildFile; fileRef = 9E87615628D265E9009C8255 /* ReedBoxName.swift */; };
		9E87615B28D266F2009C8255 /* AddReedBox.swift in Sources */ = {isa = PBXBuildFile; fileRef = 9E87615A28D266F2009C8255 /* AddReedBox.swift */; };
		9E87615D28D267FE009C8255 /* NewReedBox.swift in Sources */ = {isa = PBXBuildFile; fileRef = 9E87615C28D267FE009C8255 /* NewReedBox.swift */; };
		9E9DCAD628FDCB4E0082C888 /* ReedListViewModel.swift in Sources */ = {isa = PBXBuildFile; fileRef = 9E9DCAD528FDCB4E0082C888 /* ReedListViewModel.swift */; };
		9E9DCAD828FDCB730082C888 /* ReedBoxListViewModel.swift in Sources */ = {isa = PBXBuildFile; fileRef = 9E9DCAD728FDCB730082C888 /* ReedBoxListViewModel.swift */; };
		9E9DCADA28FDD1BC0082C888 /* AddNote.swift in Sources */ = {isa = PBXBuildFile; fileRef = 9E9DCAD928FDD1BC0082C888 /* AddNote.swift */; };
		9E9DCADC28FDD95D0082C888 /* AddNoteViewModel.swift in Sources */ = {isa = PBXBuildFile; fileRef = 9E9DCADB28FDD95D0082C888 /* AddNoteViewModel.swift */; };
		9ECC6BE328D3956C0032A730 /* ReedBoxDetail.swift in Sources */ = {isa = PBXBuildFile; fileRef = 9ECC6BE228D3956C0032A730 /* ReedBoxDetail.swift */; };
		9ECC6BF028D8BC0B0032A730 /* AddReedQuestionaire.swift in Sources */ = {isa = PBXBuildFile; fileRef = 9ECC6BEF28D8BC0B0032A730 /* AddReedQuestionaire.swift */; };
		9ECC6BF228D8BCFB0032A730 /* AddReedGroup.swift in Sources */ = {isa = PBXBuildFile; fileRef = 9ECC6BF128D8BCFB0032A730 /* AddReedGroup.swift */; };
		9ED83F7129075DFE00DE5EDC /* EditReedBox.swift in Sources */ = {isa = PBXBuildFile; fileRef = 9ED83F7029075DFE00DE5EDC /* EditReedBox.swift */; };
		9ED83F7329075E8500DE5EDC /* EditReedBoxViewModel.swift in Sources */ = {isa = PBXBuildFile; fileRef = 9ED83F7229075E8500DE5EDC /* EditReedBoxViewModel.swift */; };
/* End PBXBuildFile section */

/* Begin PBXFileReference section */
		9E2D018D291EE85500B17883 /* JSONData+CoreDataClass.swift */ = {isa = PBXFileReference; lastKnownFileType = sourcecode.swift; path = "JSONData+CoreDataClass.swift"; sourceTree = SOURCE_ROOT; };
		9E2D018E291EE85500B17883 /* JSONData+CoreDataProperties.swift */ = {isa = PBXFileReference; lastKnownFileType = sourcecode.swift; path = "JSONData+CoreDataProperties.swift"; sourceTree = SOURCE_ROOT; };
		9E2D0192291EEABA00B17883 /* DataCollection.swift */ = {isa = PBXFileReference; lastKnownFileType = sourcecode.swift; path = DataCollection.swift; sourceTree = "<group>"; };
		9E2D0194291EEC4500B17883 /* DataCollectionVM.swift */ = {isa = PBXFileReference; lastKnownFileType = sourcecode.swift; path = DataCollectionVM.swift; sourceTree = "<group>"; };
		9E474353291ADA1400D6A4B1 /* StatsCalculations.swift */ = {isa = PBXFileReference; lastKnownFileType = sourcecode.swift; path = StatsCalculations.swift; sourceTree = "<group>"; };
		9E509E5B2906E693009FF2F5 /* NoteRow.swift */ = {isa = PBXFileReference; lastKnownFileType = sourcecode.swift; path = NoteRow.swift; sourceTree = "<group>"; };
		9E6176A328E4C98300750F9E /* AddReedViewModel.swift */ = {isa = PBXFileReference; lastKnownFileType = sourcecode.swift; path = AddReedViewModel.swift; sourceTree = "<group>"; };
		9E6176A928E637B300750F9E /* NoteListViewModel.swift */ = {isa = PBXFileReference; lastKnownFileType = sourcecode.swift; path = NoteListViewModel.swift; sourceTree = "<group>"; };
		9E6176AD28E762C300750F9E /* StatsView.swift */ = {isa = PBXFileReference; lastKnownFileType = sourcecode.swift; path = StatsView.swift; sourceTree = "<group>"; };
		9E6176AF28E762D200750F9E /* SettingsView.swift */ = {isa = PBXFileReference; lastKnownFileType = sourcecode.swift; path = SettingsView.swift; sourceTree = "<group>"; };
		9E6176B628E775B800750F9E /* Reed+CoreDataClass.swift */ = {isa = PBXFileReference; lastKnownFileType = sourcecode.swift; path = "Reed+CoreDataClass.swift"; sourceTree = SOURCE_ROOT; };
		9E6176B728E775B800750F9E /* Reed+CoreDataProperties.swift */ = {isa = PBXFileReference; lastKnownFileType = sourcecode.swift; path = "Reed+CoreDataProperties.swift"; sourceTree = SOURCE_ROOT; };
		9E6176BA28E778DE00750F9E /* CaneDiagram.swift */ = {isa = PBXFileReference; lastKnownFileType = sourcecode.swift; path = CaneDiagram.swift; sourceTree = "<group>"; };
		9E6176BD28E8F7C700750F9E /* HelperExtentions.swift */ = {isa = PBXFileReference; lastKnownFileType = sourcecode.swift; path = HelperExtentions.swift; sourceTree = "<group>"; };
		9E6176C028E909E300750F9E /* AddReedBoxViewModel.swift */ = {isa = PBXFileReference; lastKnownFileType = sourcecode.swift; path = AddReedBoxViewModel.swift; sourceTree = "<group>"; };
		9E6176C228E92B6900750F9E /* ReedBox+CoreDataClass.swift */ = {isa = PBXFileReference; lastKnownFileType = sourcecode.swift; path = "ReedBox+CoreDataClass.swift"; sourceTree = SOURCE_ROOT; };
		9E6176C328E92B6900750F9E /* ReedBox+CoreDataProperties.swift */ = {isa = PBXFileReference; lastKnownFileType = sourcecode.swift; path = "ReedBox+CoreDataProperties.swift"; sourceTree = SOURCE_ROOT; };
		9E71D80228EA155E008C160A /* ReedDetailGroup.swift */ = {isa = PBXFileReference; lastKnownFileType = sourcecode.swift; path = ReedDetailGroup.swift; sourceTree = "<group>"; };
		9E71D80428EA1614008C160A /* ReedDetailQuestionaire.swift */ = {isa = PBXFileReference; lastKnownFileType = sourcecode.swift; path = ReedDetailQuestionaire.swift; sourceTree = "<group>"; };
		9E71D80728EDE329008C160A /* Note+CoreDataClass.swift */ = {isa = PBXFileReference; lastKnownFileType = sourcecode.swift; path = "Note+CoreDataClass.swift"; sourceTree = SOURCE_ROOT; };
		9E71D80828EDE329008C160A /* Note+CoreDataProperties.swift */ = {isa = PBXFileReference; lastKnownFileType = sourcecode.swift; path = "Note+CoreDataProperties.swift"; sourceTree = SOURCE_ROOT; };
		9E71D80C28EDE766008C160A /* EditReedViewModel.swift */ = {isa = PBXFileReference; lastKnownFileType = sourcecode.swift; path = EditReedViewModel.swift; sourceTree = "<group>"; };
		9E71D80E28EDEB06008C160A /* EditReed.swift */ = {isa = PBXFileReference; lastKnownFileType = sourcecode.swift; path = EditReed.swift; sourceTree = "<group>"; };
		9E71D81028EDEB65008C160A /* EditReedQuestionaire.swift */ = {isa = PBXFileReference; lastKnownFileType = sourcecode.swift; path = EditReedQuestionaire.swift; sourceTree = "<group>"; };
		9E71D81228EDEBB8008C160A /* EditReedGroup.swift */ = {isa = PBXFileReference; lastKnownFileType = sourcecode.swift; path = EditReedGroup.swift; sourceTree = "<group>"; };
		9E87612A28D0D406009C8255 /* Senior Project.app */ = {isa = PBXFileReference; explicitFileType = wrapper.application; includeInIndex = 0; path = "Senior Project.app"; sourceTree = BUILT_PRODUCTS_DIR; };
		9E87612D28D0D406009C8255 /* Senior_ProjectApp.swift */ = {isa = PBXFileReference; lastKnownFileType = sourcecode.swift; path = Senior_ProjectApp.swift; sourceTree = "<group>"; };
		9E87612F28D0D406009C8255 /* MainView.swift */ = {isa = PBXFileReference; lastKnownFileType = sourcecode.swift; path = MainView.swift; sourceTree = "<group>"; };
		9E87613128D0D407009C8255 /* Assets.xcassets */ = {isa = PBXFileReference; lastKnownFileType = folder.assetcatalog; path = Assets.xcassets; sourceTree = "<group>"; };
		9E87613428D0D407009C8255 /* Preview Assets.xcassets */ = {isa = PBXFileReference; lastKnownFileType = folder.assetcatalog; path = "Preview Assets.xcassets"; sourceTree = "<group>"; };
		9E87613C28D0D43B009C8255 /* ReedModel.xcdatamodel */ = {isa = PBXFileReference; lastKnownFileType = wrapper.xcdatamodel; path = ReedModel.xcdatamodel; sourceTree = "<group>"; };
		9E87614128D0D4BD009C8255 /* DataController.swift */ = {isa = PBXFileReference; lastKnownFileType = sourcecode.swift; path = DataController.swift; sourceTree = "<group>"; };
		9E87614928D14B83009C8255 /* ReedRow.swift */ = {isa = PBXFileReference; lastKnownFileType = sourcecode.swift; path = ReedRow.swift; sourceTree = "<group>"; };
		9E87614E28D14D58009C8255 /* AddReed.swift */ = {isa = PBXFileReference; lastKnownFileType = sourcecode.swift; path = AddReed.swift; sourceTree = "<group>"; };
		9E87615028D25ADA009C8255 /* ReedDetail.swift */ = {isa = PBXFileReference; lastKnownFileType = sourcecode.swift; path = ReedDetail.swift; sourceTree = "<group>"; };
		9E87615328D2655F009C8255 /* ReedBoxPreview.swift */ = {isa = PBXFileReference; lastKnownFileType = sourcecode.swift; path = ReedBoxPreview.swift; sourceTree = "<group>"; };
		9E87615628D265E9009C8255 /* ReedBoxName.swift */ = {isa = PBXFileReference; lastKnownFileType = sourcecode.swift; path = ReedBoxName.swift; sourceTree = "<group>"; };
		9E87615A28D266F2009C8255 /* AddReedBox.swift */ = {isa = PBXFileReference; lastKnownFileType = sourcecode.swift; path = AddReedBox.swift; sourceTree = "<group>"; };
		9E87615C28D267FE009C8255 /* NewReedBox.swift */ = {isa = PBXFileReference; lastKnownFileType = sourcecode.swift; path = NewReedBox.swift; sourceTree = "<group>"; };
		9E9DCAD528FDCB4E0082C888 /* ReedListViewModel.swift */ = {isa = PBXFileReference; lastKnownFileType = sourcecode.swift; path = ReedListViewModel.swift; sourceTree = "<group>"; };
		9E9DCAD728FDCB730082C888 /* ReedBoxListViewModel.swift */ = {isa = PBXFileReference; lastKnownFileType = sourcecode.swift; path = ReedBoxListViewModel.swift; sourceTree = "<group>"; };
		9E9DCAD928FDD1BC0082C888 /* AddNote.swift */ = {isa = PBXFileReference; lastKnownFileType = sourcecode.swift; path = AddNote.swift; sourceTree = "<group>"; };
		9E9DCADB28FDD95D0082C888 /* AddNoteViewModel.swift */ = {isa = PBXFileReference; lastKnownFileType = sourcecode.swift; path = AddNoteViewModel.swift; sourceTree = "<group>"; };
		9ECC6BE228D3956C0032A730 /* ReedBoxDetail.swift */ = {isa = PBXFileReference; lastKnownFileType = sourcecode.swift; path = ReedBoxDetail.swift; sourceTree = "<group>"; };
		9ECC6BEF28D8BC0B0032A730 /* AddReedQuestionaire.swift */ = {isa = PBXFileReference; lastKnownFileType = sourcecode.swift; path = AddReedQuestionaire.swift; sourceTree = "<group>"; };
		9ECC6BF128D8BCFB0032A730 /* AddReedGroup.swift */ = {isa = PBXFileReference; lastKnownFileType = sourcecode.swift; path = AddReedGroup.swift; sourceTree = "<group>"; };
		9ED83F7029075DFE00DE5EDC /* EditReedBox.swift */ = {isa = PBXFileReference; lastKnownFileType = sourcecode.swift; path = EditReedBox.swift; sourceTree = "<group>"; };
		9ED83F7229075E8500DE5EDC /* EditReedBoxViewModel.swift */ = {isa = PBXFileReference; lastKnownFileType = sourcecode.swift; path = EditReedBoxViewModel.swift; sourceTree = "<group>"; };
/* End PBXFileReference section */

/* Begin PBXFrameworksBuildPhase section */
		9E87612728D0D406009C8255 /* Frameworks */ = {
			isa = PBXFrameworksBuildPhase;
			buildActionMask = 2147483647;
			files = (
			);
			runOnlyForDeploymentPostprocessing = 0;
		};
/* End PBXFrameworksBuildPhase section */

/* Begin PBXGroup section */
		9E2D0191291EEA8500B17883 /* BETA Data Collection */ = {
			isa = PBXGroup;
			children = (
				9E2D0192291EEABA00B17883 /* DataCollection.swift */,
			);
			path = "BETA Data Collection";
			sourceTree = "<group>";
		};
		9E31DF7228F796B70075326E /* Notes Stuff */ = {
			isa = PBXGroup;
			children = (
				9E31DF7328F796D50075326E /* View Models */,
				9E9DCAD928FDD1BC0082C888 /* AddNote.swift */,
				9E509E5B2906E693009FF2F5 /* NoteRow.swift */,
			);
			path = "Notes Stuff";
			sourceTree = "<group>";
		};
		9E31DF7328F796D50075326E /* View Models */ = {
			isa = PBXGroup;
			children = (
				9E9DCADB28FDD95D0082C888 /* AddNoteViewModel.swift */,
			);
			path = "View Models";
			sourceTree = "<group>";
		};
		9E474352291AD9DC00D6A4B1 /* Stats Stuff */ = {
			isa = PBXGroup;
			children = (
				9E474353291ADA1400D6A4B1 /* StatsCalculations.swift */,
			);
			path = "Stats Stuff";
			sourceTree = "<group>";
		};
		9E509E5829031E06009FF2F5 /* Editing Reed Box */ = {
			isa = PBXGroup;
			children = (
				9ED83F7029075DFE00DE5EDC /* EditReedBox.swift */,
			);
			path = "Editing Reed Box";
			sourceTree = "<group>";
		};
		9E6176A528E4C9CF00750F9E /* View Models */ = {
			isa = PBXGroup;
			children = (
				9E6176A328E4C98300750F9E /* AddReedViewModel.swift */,
				9E71D80C28EDE766008C160A /* EditReedViewModel.swift */,
			);
			path = "View Models";
			sourceTree = "<group>";
		};
		9E6176AB28E637F700750F9E /* Entity List View Models */ = {
			isa = PBXGroup;
			children = (
				9E2D0194291EEC4500B17883 /* DataCollectionVM.swift */,
				9E6176A928E637B300750F9E /* NoteListViewModel.swift */,
				9E9DCAD728FDCB730082C888 /* ReedBoxListViewModel.swift */,
				9E9DCAD528FDCB4E0082C888 /* ReedListViewModel.swift */,
			);
			path = "Entity List View Models";
			sourceTree = "<group>";
		};
		9E6176AC28E7622A00750F9E /* Main Screens */ = {
			isa = PBXGroup;
			children = (
				9E87612F28D0D406009C8255 /* MainView.swift */,
				9E6176AD28E762C300750F9E /* StatsView.swift */,
				9E6176AF28E762D200750F9E /* SettingsView.swift */,
			);
			path = "Main Screens";
			sourceTree = "<group>";
		};
		9E6176BC28E8F7B300750F9E /* Extensions */ = {
			isa = PBXGroup;
			children = (
				9E6176BD28E8F7C700750F9E /* HelperExtentions.swift */,
			);
			path = Extensions;
			sourceTree = "<group>";
		};
		9E6176BF28E909CC00750F9E /* View Models */ = {
			isa = PBXGroup;
			children = (
				9E6176C028E909E300750F9E /* AddReedBoxViewModel.swift */,
				9ED83F7229075E8500DE5EDC /* EditReedBoxViewModel.swift */,
			);
			path = "View Models";
			sourceTree = "<group>";
		};
		9E71D80628EA1644008C160A /* Reed Detail Views */ = {
			isa = PBXGroup;
			children = (
				9E71D80428EA1614008C160A /* ReedDetailQuestionaire.swift */,
				9E87615028D25ADA009C8255 /* ReedDetail.swift */,
				9E71D80228EA155E008C160A /* ReedDetailGroup.swift */,
			);
			path = "Reed Detail Views";
			sourceTree = "<group>";
		};
		9E71D80B28EDE6FE008C160A /* Editing Reeds */ = {
			isa = PBXGroup;
			children = (
				9E71D80E28EDEB06008C160A /* EditReed.swift */,
				9E71D81028EDEB65008C160A /* EditReedQuestionaire.swift */,
				9E71D81228EDEBB8008C160A /* EditReedGroup.swift */,
			);
			path = "Editing Reeds";
			sourceTree = "<group>";
		};
		9E87612128D0D406009C8255 = {
			isa = PBXGroup;
			children = (
				9E87613128D0D407009C8255 /* Assets.xcassets */,
				9E87612C28D0D406009C8255 /* Senior Project */,
				9E87612B28D0D406009C8255 /* Products */,
			);
			sourceTree = "<group>";
		};
		9E87612B28D0D406009C8255 /* Products */ = {
			isa = PBXGroup;
			children = (
				9E87612A28D0D406009C8255 /* Senior Project.app */,
			);
			name = Products;
			sourceTree = "<group>";
		};
		9E87612C28D0D406009C8255 /* Senior Project */ = {
			isa = PBXGroup;
			children = (
				9E6176BC28E8F7B300750F9E /* Extensions */,
				9E87612D28D0D406009C8255 /* Senior_ProjectApp.swift */,
				9E6176AC28E7622A00750F9E /* Main Screens */,
				9E87614028D0D48F009C8255 /* Data Management */,
				9E87613328D0D407009C8255 /* Preview Content */,
				9E87614B28D14B87009C8255 /* Reed Stuff */,
				9E87615528D26567009C8255 /* Reed Box Stuff */,
				9E31DF7228F796B70075326E /* Notes Stuff */,
				9E2D0191291EEA8500B17883 /* BETA Data Collection */,
				9E474352291AD9DC00D6A4B1 /* Stats Stuff */,
			);
			path = "Senior Project";
			sourceTree = "<group>";
		};
		9E87613328D0D407009C8255 /* Preview Content */ = {
			isa = PBXGroup;
			children = (
				9E87613428D0D407009C8255 /* Preview Assets.xcassets */,
			);
			path = "Preview Content";
			sourceTree = "<group>";
		};
		9E87614028D0D48F009C8255 /* Data Management */ = {
			isa = PBXGroup;
			children = (
				9E2D018D291EE85500B17883 /* JSONData+CoreDataClass.swift */,
				9E2D018E291EE85500B17883 /* JSONData+CoreDataProperties.swift */,
				9E71D80728EDE329008C160A /* Note+CoreDataClass.swift */,
				9E71D80828EDE329008C160A /* Note+CoreDataProperties.swift */,
				9E6176C228E92B6900750F9E /* ReedBox+CoreDataClass.swift */,
				9E6176C328E92B6900750F9E /* ReedBox+CoreDataProperties.swift */,
				9E6176AB28E637F700750F9E /* Entity List View Models */,
				9E6176B628E775B800750F9E /* Reed+CoreDataClass.swift */,
				9E6176B728E775B800750F9E /* Reed+CoreDataProperties.swift */,
				9E87613B28D0D43B009C8255 /* ReedModel.xcdatamodeld */,
				9E87614128D0D4BD009C8255 /* DataController.swift */,
			);
			path = "Data Management";
			sourceTree = "<group>";
		};
		9E87614B28D14B87009C8255 /* Reed Stuff */ = {
			isa = PBXGroup;
			children = (
				9E6176A528E4C9CF00750F9E /* View Models */,
				9E87614D28D14D3B009C8255 /* Adding Reeds */,
				9E87614C28D14B91009C8255 /* Showing Reeds */,
				9E71D80B28EDE6FE008C160A /* Editing Reeds */,
			);
			path = "Reed Stuff";
			sourceTree = "<group>";
		};
		9E87614C28D14B91009C8255 /* Showing Reeds */ = {
			isa = PBXGroup;
			children = (
				9E71D80628EA1644008C160A /* Reed Detail Views */,
				9E87614928D14B83009C8255 /* ReedRow.swift */,
				9E6176BA28E778DE00750F9E /* CaneDiagram.swift */,
			);
			path = "Showing Reeds";
			sourceTree = "<group>";
		};
		9E87614D28D14D3B009C8255 /* Adding Reeds */ = {
			isa = PBXGroup;
			children = (
				9E87614E28D14D58009C8255 /* AddReed.swift */,
				9ECC6BEF28D8BC0B0032A730 /* AddReedQuestionaire.swift */,
				9ECC6BF128D8BCFB0032A730 /* AddReedGroup.swift */,
			);
			path = "Adding Reeds";
			sourceTree = "<group>";
		};
		9E87615528D26567009C8255 /* Reed Box Stuff */ = {
			isa = PBXGroup;
			children = (
				9E6176BF28E909CC00750F9E /* View Models */,
				9E87615928D266DB009C8255 /* Adding Reed Box */,
				9E87615828D266CE009C8255 /* Showing Reed Box */,
				9E509E5829031E06009FF2F5 /* Editing Reed Box */,
			);
			path = "Reed Box Stuff";
			sourceTree = "<group>";
		};
		9E87615828D266CE009C8255 /* Showing Reed Box */ = {
			isa = PBXGroup;
			children = (
				9E87615328D2655F009C8255 /* ReedBoxPreview.swift */,
				9E87615628D265E9009C8255 /* ReedBoxName.swift */,
				9E87615C28D267FE009C8255 /* NewReedBox.swift */,
				9ECC6BE228D3956C0032A730 /* ReedBoxDetail.swift */,
			);
			path = "Showing Reed Box";
			sourceTree = "<group>";
		};
		9E87615928D266DB009C8255 /* Adding Reed Box */ = {
			isa = PBXGroup;
			children = (
				9E87615A28D266F2009C8255 /* AddReedBox.swift */,
			);
			path = "Adding Reed Box";
			sourceTree = "<group>";
		};
/* End PBXGroup section */

/* Begin PBXNativeTarget section */
		9E87612928D0D406009C8255 /* Senior Project */ = {
			isa = PBXNativeTarget;
			buildConfigurationList = 9E87613828D0D407009C8255 /* Build configuration list for PBXNativeTarget "Senior Project" */;
			buildPhases = (
				9E87612628D0D406009C8255 /* Sources */,
				9E87612728D0D406009C8255 /* Frameworks */,
				9E87612828D0D406009C8255 /* Resources */,
			);
			buildRules = (
			);
			dependencies = (
			);
			name = "Senior Project";
			productName = "Senior Project";
			productReference = 9E87612A28D0D406009C8255 /* Senior Project.app */;
			productType = "com.apple.product-type.application";
		};
/* End PBXNativeTarget section */

/* Begin PBXProject section */
		9E87612228D0D406009C8255 /* Project object */ = {
			isa = PBXProject;
			attributes = {
				BuildIndependentTargetsInParallel = 1;
				LastSwiftUpdateCheck = 1340;
				LastUpgradeCheck = 1340;
				TargetAttributes = {
					9E87612928D0D406009C8255 = {
						CreatedOnToolsVersion = 13.4.1;
					};
				};
			};
			buildConfigurationList = 9E87612528D0D406009C8255 /* Build configuration list for PBXProject "Senior Project" */;
			compatibilityVersion = "Xcode 13.0";
			developmentRegion = en;
			hasScannedForEncodings = 0;
			knownRegions = (
				en,
				Base,
			);
			mainGroup = 9E87612128D0D406009C8255;
			productRefGroup = 9E87612B28D0D406009C8255 /* Products */;
			projectDirPath = "";
			projectRoot = "";
			targets = (
				9E87612928D0D406009C8255 /* Senior Project */,
			);
		};
/* End PBXProject section */

/* Begin PBXResourcesBuildPhase section */
		9E87612828D0D406009C8255 /* Resources */ = {
			isa = PBXResourcesBuildPhase;
			buildActionMask = 2147483647;
			files = (
				9E87613528D0D407009C8255 /* Preview Assets.xcassets in Resources */,
				9E87613228D0D407009C8255 /* Assets.xcassets in Resources */,
			);
			runOnlyForDeploymentPostprocessing = 0;
		};
/* End PBXResourcesBuildPhase section */

/* Begin PBXSourcesBuildPhase section */
		9E87612628D0D406009C8255 /* Sources */ = {
			isa = PBXSourcesBuildPhase;
			buildActionMask = 2147483647;
			files = (
				9E9DCAD628FDCB4E0082C888 /* ReedListViewModel.swift in Sources */,
				9E6176A428E4C98300750F9E /* AddReedViewModel.swift in Sources */,
				9E71D80928EDE329008C160A /* Note+CoreDataClass.swift in Sources */,
				9E87613D28D0D43B009C8255 /* ReedModel.xcdatamodeld in Sources */,
				9E474354291ADA1400D6A4B1 /* StatsCalculations.swift in Sources */,
				9E87614F28D14D58009C8255 /* AddReed.swift in Sources */,
				9E71D80A28EDE329008C160A /* Note+CoreDataProperties.swift in Sources */,
				9E71D80F28EDEB06008C160A /* EditReed.swift in Sources */,
				9E9DCADA28FDD1BC0082C888 /* AddNote.swift in Sources */,
				9E87615728D265E9009C8255 /* ReedBoxName.swift in Sources */,
				9E6176BB28E778DE00750F9E /* CaneDiagram.swift in Sources */,
				9E6176AA28E637B300750F9E /* NoteListViewModel.swift in Sources */,
				9ECC6BF228D8BCFB0032A730 /* AddReedGroup.swift in Sources */,
				9E509E5C2906E693009FF2F5 /* NoteRow.swift in Sources */,
				9E6176B928E775B800750F9E /* Reed+CoreDataProperties.swift in Sources */,
				9E2D018F291EE85500B17883 /* JSONData+CoreDataClass.swift in Sources */,
				9E87615428D2655F009C8255 /* ReedBoxPreview.swift in Sources */,
				9ED83F7129075DFE00DE5EDC /* EditReedBox.swift in Sources */,
				9E2D0190291EE85500B17883 /* JSONData+CoreDataProperties.swift in Sources */,
				9ECC6BF028D8BC0B0032A730 /* AddReedQuestionaire.swift in Sources */,
				9ED83F7329075E8500DE5EDC /* EditReedBoxViewModel.swift in Sources */,
				9E2D0195291EEC4500B17883 /* DataCollectionVM.swift in Sources */,
				9E71D80528EA1614008C160A /* ReedDetailQuestionaire.swift in Sources */,
				9E6176BE28E8F7C700750F9E /* HelperExtentions.swift in Sources */,
				9E6176AE28E762C300750F9E /* StatsView.swift in Sources */,
				9E87614228D0D4BD009C8255 /* DataController.swift in Sources */,
				9E87614A28D14B83009C8255 /* ReedRow.swift in Sources */,
				9E9DCADC28FDD95D0082C888 /* AddNoteViewModel.swift in Sources */,
				9E87613028D0D406009C8255 /* MainView.swift in Sources */,
				9E6176B828E775B800750F9E /* Reed+CoreDataClass.swift in Sources */,
				9E71D81128EDEB65008C160A /* EditReedQuestionaire.swift in Sources */,
				9E87615128D25ADA009C8255 /* ReedDetail.swift in Sources */,
				9E87615D28D267FE009C8255 /* NewReedBox.swift in Sources */,
				9E87612E28D0D406009C8255 /* Senior_ProjectApp.swift in Sources */,
				9E71D80D28EDE766008C160A /* EditReedViewModel.swift in Sources */,
				9E6176C528E92B6900750F9E /* ReedBox+CoreDataProperties.swift in Sources */,
				9E9DCAD828FDCB730082C888 /* ReedBoxListViewModel.swift in Sources */,
				9ECC6BE328D3956C0032A730 /* ReedBoxDetail.swift in Sources */,
				9E87615B28D266F2009C8255 /* AddReedBox.swift in Sources */,
				9E71D81328EDEBB8008C160A /* EditReedGroup.swift in Sources */,
				9E71D80328EA155E008C160A /* ReedDetailGroup.swift in Sources */,
				9E6176C128E909E300750F9E /* AddReedBoxViewModel.swift in Sources */,
				9E2D0193291EEABA00B17883 /* DataCollection.swift in Sources */,
				9E6176B028E762D200750F9E /* SettingsView.swift in Sources */,
				9E6176C428E92B6900750F9E /* ReedBox+CoreDataClass.swift in Sources */,
			);
			runOnlyForDeploymentPostprocessing = 0;
		};
/* End PBXSourcesBuildPhase section */

/* Begin XCBuildConfiguration section */
		9E87613628D0D407009C8255 /* Debug */ = {
			isa = XCBuildConfiguration;
			buildSettings = {
				ALWAYS_SEARCH_USER_PATHS = NO;
				CLANG_ANALYZER_NONNULL = YES;
				CLANG_ANALYZER_NUMBER_OBJECT_CONVERSION = YES_AGGRESSIVE;
				CLANG_CXX_LANGUAGE_STANDARD = "gnu++17";
				CLANG_ENABLE_MODULES = YES;
				CLANG_ENABLE_OBJC_ARC = YES;
				CLANG_ENABLE_OBJC_WEAK = YES;
				CLANG_WARN_BLOCK_CAPTURE_AUTORELEASING = YES;
				CLANG_WARN_BOOL_CONVERSION = YES;
				CLANG_WARN_COMMA = YES;
				CLANG_WARN_CONSTANT_CONVERSION = YES;
				CLANG_WARN_DEPRECATED_OBJC_IMPLEMENTATIONS = YES;
				CLANG_WARN_DIRECT_OBJC_ISA_USAGE = YES_ERROR;
				CLANG_WARN_DOCUMENTATION_COMMENTS = YES;
				CLANG_WARN_EMPTY_BODY = YES;
				CLANG_WARN_ENUM_CONVERSION = YES;
				CLANG_WARN_INFINITE_RECURSION = YES;
				CLANG_WARN_INT_CONVERSION = YES;
				CLANG_WARN_NON_LITERAL_NULL_CONVERSION = YES;
				CLANG_WARN_OBJC_IMPLICIT_RETAIN_SELF = YES;
				CLANG_WARN_OBJC_LITERAL_CONVERSION = YES;
				CLANG_WARN_OBJC_ROOT_CLASS = YES_ERROR;
				CLANG_WARN_QUOTED_INCLUDE_IN_FRAMEWORK_HEADER = YES;
				CLANG_WARN_RANGE_LOOP_ANALYSIS = YES;
				CLANG_WARN_STRICT_PROTOTYPES = YES;
				CLANG_WARN_SUSPICIOUS_MOVE = YES;
				CLANG_WARN_UNGUARDED_AVAILABILITY = YES_AGGRESSIVE;
				CLANG_WARN_UNREACHABLE_CODE = YES;
				CLANG_WARN__DUPLICATE_METHOD_MATCH = YES;
				COPY_PHASE_STRIP = NO;
				DEBUG_INFORMATION_FORMAT = dwarf;
				ENABLE_STRICT_OBJC_MSGSEND = YES;
				ENABLE_TESTABILITY = YES;
				GCC_C_LANGUAGE_STANDARD = gnu11;
				GCC_DYNAMIC_NO_PIC = NO;
				GCC_NO_COMMON_BLOCKS = YES;
				GCC_OPTIMIZATION_LEVEL = 0;
				GCC_PREPROCESSOR_DEFINITIONS = (
					"DEBUG=1",
					"$(inherited)",
				);
				GCC_WARN_64_TO_32_BIT_CONVERSION = YES;
				GCC_WARN_ABOUT_RETURN_TYPE = YES_ERROR;
				GCC_WARN_UNDECLARED_SELECTOR = YES;
				GCC_WARN_UNINITIALIZED_AUTOS = YES_AGGRESSIVE;
				GCC_WARN_UNUSED_FUNCTION = YES;
				GCC_WARN_UNUSED_VARIABLE = YES;
				IPHONEOS_DEPLOYMENT_TARGET = 15.5;
				MTL_ENABLE_DEBUG_INFO = INCLUDE_SOURCE;
				MTL_FAST_MATH = YES;
				ONLY_ACTIVE_ARCH = YES;
				SDKROOT = iphoneos;
				SWIFT_ACTIVE_COMPILATION_CONDITIONS = DEBUG;
				SWIFT_OPTIMIZATION_LEVEL = "-Onone";
			};
			name = Debug;
		};
		9E87613728D0D407009C8255 /* Release */ = {
			isa = XCBuildConfiguration;
			buildSettings = {
				ALWAYS_SEARCH_USER_PATHS = NO;
				CLANG_ANALYZER_NONNULL = YES;
				CLANG_ANALYZER_NUMBER_OBJECT_CONVERSION = YES_AGGRESSIVE;
				CLANG_CXX_LANGUAGE_STANDARD = "gnu++17";
				CLANG_ENABLE_MODULES = YES;
				CLANG_ENABLE_OBJC_ARC = YES;
				CLANG_ENABLE_OBJC_WEAK = YES;
				CLANG_WARN_BLOCK_CAPTURE_AUTORELEASING = YES;
				CLANG_WARN_BOOL_CONVERSION = YES;
				CLANG_WARN_COMMA = YES;
				CLANG_WARN_CONSTANT_CONVERSION = YES;
				CLANG_WARN_DEPRECATED_OBJC_IMPLEMENTATIONS = YES;
				CLANG_WARN_DIRECT_OBJC_ISA_USAGE = YES_ERROR;
				CLANG_WARN_DOCUMENTATION_COMMENTS = YES;
				CLANG_WARN_EMPTY_BODY = YES;
				CLANG_WARN_ENUM_CONVERSION = YES;
				CLANG_WARN_INFINITE_RECURSION = YES;
				CLANG_WARN_INT_CONVERSION = YES;
				CLANG_WARN_NON_LITERAL_NULL_CONVERSION = YES;
				CLANG_WARN_OBJC_IMPLICIT_RETAIN_SELF = YES;
				CLANG_WARN_OBJC_LITERAL_CONVERSION = YES;
				CLANG_WARN_OBJC_ROOT_CLASS = YES_ERROR;
				CLANG_WARN_QUOTED_INCLUDE_IN_FRAMEWORK_HEADER = YES;
				CLANG_WARN_RANGE_LOOP_ANALYSIS = YES;
				CLANG_WARN_STRICT_PROTOTYPES = YES;
				CLANG_WARN_SUSPICIOUS_MOVE = YES;
				CLANG_WARN_UNGUARDED_AVAILABILITY = YES_AGGRESSIVE;
				CLANG_WARN_UNREACHABLE_CODE = YES;
				CLANG_WARN__DUPLICATE_METHOD_MATCH = YES;
				COPY_PHASE_STRIP = NO;
				DEBUG_INFORMATION_FORMAT = "dwarf-with-dsym";
				ENABLE_NS_ASSERTIONS = NO;
				ENABLE_STRICT_OBJC_MSGSEND = YES;
				GCC_C_LANGUAGE_STANDARD = gnu11;
				GCC_NO_COMMON_BLOCKS = YES;
				GCC_WARN_64_TO_32_BIT_CONVERSION = YES;
				GCC_WARN_ABOUT_RETURN_TYPE = YES_ERROR;
				GCC_WARN_UNDECLARED_SELECTOR = YES;
				GCC_WARN_UNINITIALIZED_AUTOS = YES_AGGRESSIVE;
				GCC_WARN_UNUSED_FUNCTION = YES;
				GCC_WARN_UNUSED_VARIABLE = YES;
				IPHONEOS_DEPLOYMENT_TARGET = 15.5;
				MTL_ENABLE_DEBUG_INFO = NO;
				MTL_FAST_MATH = YES;
				SDKROOT = iphoneos;
				SWIFT_COMPILATION_MODE = wholemodule;
				SWIFT_OPTIMIZATION_LEVEL = "-O";
				VALIDATE_PRODUCT = YES;
			};
			name = Release;
		};
		9E87613928D0D407009C8255 /* Debug */ = {
			isa = XCBuildConfiguration;
			buildSettings = {
				ASSETCATALOG_COMPILER_APPICON_NAME = AppIcon;
				ASSETCATALOG_COMPILER_GLOBAL_ACCENT_COLOR_NAME = AccentColor;
				CODE_SIGN_STYLE = Automatic;
				CURRENT_PROJECT_VERSION = 1;
				DEVELOPMENT_ASSET_PATHS = "\"Senior Project/Preview Content\"";
				DEVELOPMENT_TEAM = 4NDLGGRH96;
				ENABLE_PREVIEWS = YES;
				GENERATE_INFOPLIST_FILE = YES;
				INFOPLIST_KEY_UIApplicationSceneManifest_Generation = YES;
				INFOPLIST_KEY_UIApplicationSupportsIndirectInputEvents = YES;
				INFOPLIST_KEY_UILaunchScreen_Generation = YES;
				INFOPLIST_KEY_UISupportedInterfaceOrientations = UIInterfaceOrientationPortrait;
				INFOPLIST_KEY_UISupportedInterfaceOrientations_iPad = "UIInterfaceOrientationLandscapeLeft UIInterfaceOrientationLandscapeRight UIInterfaceOrientationPortrait UIInterfaceOrientationPortraitUpsideDown";
				LD_RUNPATH_SEARCH_PATHS = (
					"$(inherited)",
					"@executable_path/Frameworks",
				);
				MARKETING_VERSION = 1.0;
				PRODUCT_BUNDLE_IDENTIFIER = "cieslik.Senior-Project";
				PRODUCT_NAME = "$(TARGET_NAME)";
				SUPPORTED_PLATFORMS = "iphoneos iphonesimulator";
				SUPPORTS_MACCATALYST = NO;
				SUPPORTS_MAC_DESIGNED_FOR_IPHONE_IPAD = NO;
				SWIFT_EMIT_LOC_STRINGS = YES;
				SWIFT_VERSION = 5.0;
				TARGETED_DEVICE_FAMILY = 1;
			};
			name = Debug;
		};
		9E87613A28D0D407009C8255 /* Release */ = {
			isa = XCBuildConfiguration;
			buildSettings = {
				ASSETCATALOG_COMPILER_APPICON_NAME = AppIcon;
				ASSETCATALOG_COMPILER_GLOBAL_ACCENT_COLOR_NAME = AccentColor;
				CODE_SIGN_STYLE = Automatic;
				CURRENT_PROJECT_VERSION = 1;
				DEVELOPMENT_ASSET_PATHS = "\"Senior Project/Preview Content\"";
				DEVELOPMENT_TEAM = 4NDLGGRH96;
				ENABLE_PREVIEWS = YES;
				GENERATE_INFOPLIST_FILE = YES;
				INFOPLIST_KEY_UIApplicationSceneManifest_Generation = YES;
				INFOPLIST_KEY_UIApplicationSupportsIndirectInputEvents = YES;
				INFOPLIST_KEY_UILaunchScreen_Generation = YES;
				INFOPLIST_KEY_UISupportedInterfaceOrientations = UIInterfaceOrientationPortrait;
				INFOPLIST_KEY_UISupportedInterfaceOrientations_iPad = "UIInterfaceOrientationLandscapeLeft UIInterfaceOrientationLandscapeRight UIInterfaceOrientationPortrait UIInterfaceOrientationPortraitUpsideDown";
				LD_RUNPATH_SEARCH_PATHS = (
					"$(inherited)",
					"@executable_path/Frameworks",
				);
				MARKETING_VERSION = 1.0;
				PRODUCT_BUNDLE_IDENTIFIER = "cieslik.Senior-Project";
				PRODUCT_NAME = "$(TARGET_NAME)";
				SUPPORTED_PLATFORMS = "iphoneos iphonesimulator";
				SUPPORTS_MACCATALYST = NO;
				SUPPORTS_MAC_DESIGNED_FOR_IPHONE_IPAD = NO;
				SWIFT_EMIT_LOC_STRINGS = YES;
				SWIFT_VERSION = 5.0;
				TARGETED_DEVICE_FAMILY = 1;
			};
			name = Release;
		};
/* End XCBuildConfiguration section */

/* Begin XCConfigurationList section */
		9E87612528D0D406009C8255 /* Build configuration list for PBXProject "Senior Project" */ = {
			isa = XCConfigurationList;
			buildConfigurations = (
				9E87613628D0D407009C8255 /* Debug */,
				9E87613728D0D407009C8255 /* Release */,
			);
			defaultConfigurationIsVisible = 0;
			defaultConfigurationName = Release;
		};
		9E87613828D0D407009C8255 /* Build configuration list for PBXNativeTarget "Senior Project" */ = {
			isa = XCConfigurationList;
			buildConfigurations = (
				9E87613928D0D407009C8255 /* Debug */,
				9E87613A28D0D407009C8255 /* Release */,
			);
			defaultConfigurationIsVisible = 0;
			defaultConfigurationName = Release;
		};
/* End XCConfigurationList section */

/* Begin XCVersionGroup section */
		9E87613B28D0D43B009C8255 /* ReedModel.xcdatamodeld */ = {
			isa = XCVersionGroup;
			children = (
				9E87613C28D0D43B009C8255 /* ReedModel.xcdatamodel */,
			);
			currentVersion = 9E87613C28D0D43B009C8255 /* ReedModel.xcdatamodel */;
			path = ReedModel.xcdatamodeld;
			sourceTree = "<group>";
			versionGroupType = wrapper.xcdatamodel;
		};
/* End XCVersionGroup section */
	};
	rootObject = 9E87612228D0D406009C8255 /* Project object */;
}
